
Microsoft Visual Studio Solution File, Format Version 12.00
Project("{FAE04EC0-301F-11D3-BF4B-00C04F79EFBC}") = "Entropy.Game", "Entropy.Game\Entropy.Game.csproj", "{1257091A-B6B1-489A-92BA-9FBD95BF0A8C}"
EndProject
Project("{FAE04EC0-301F-11D3-BF4B-00C04F79EFBC}") = "Entropy.Engine", "Entropy.Engine\Entropy.Engine.csproj", "{FA8D4B29-3E2F-48A7-8B1E-24A3170518F5}"
EndProject
Project("{FAE04EC0-301F-11D3-BF4B-00C04F79EFBC}") = "Entropy.Editor", "Entropy.Editor\Entropy.Editor.csproj", "{EA1F9555-4243-482D-8D8D-DE08FBBE8106}"
EndProject
Project("{FAE04EC0-301F-11D3-BF4B-00C04F79EFBC}") = "Entropy.Content", "Entropy.Content\Entropy.Content.csproj", "{6D5C7974-BFE8-4EC8-93A1-178812F85D68}"
EndProject
Project("{FAE04EC0-301F-11D3-BF4B-00C04F79EFBC}") = "Entropy.Game.Tests", "Entropy.Game.Tests\Entropy.Game.Tests.csproj", "{B920F778-9C9A-4BBC-954C-60CC31374CF3}"
EndProject
Project("{FAE04EC0-301F-11D3-BF4B-00C04F79EFBC}") = "Entropy.Simulation", "Entropy.Simulation\Entropy.Simulation.csproj", "{8551B418-71E8-405A-B41E-BD1F3DDFA9BA}"
EndProject
Global
	GlobalSection(SolutionConfigurationPlatforms) = preSolution
		Debug|Any CPU = Debug|Any CPU
		Debug|x64 = Debug|x64
		Debug|x86 = Debug|x86
		Release|Any CPU = Release|Any CPU
		Release|x64 = Release|x64
		Release|x86 = Release|x86
	EndGlobalSection
	GlobalSection(ProjectConfigurationPlatforms) = postSolution
		{1257091A-B6B1-489A-92BA-9FBD95BF0A8C}.Debug|Any CPU.ActiveCfg = Debug|Any CPU
		{1257091A-B6B1-489A-92BA-9FBD95BF0A8C}.Debug|Any CPU.Build.0 = Debug|Any CPU
		{1257091A-B6B1-489A-92BA-9FBD95BF0A8C}.Debug|x64.ActiveCfg = Debug|Any CPU
		{1257091A-B6B1-489A-92BA-9FBD95BF0A8C}.Debug|x64.Build.0 = Debug|Any CPU
		{1257091A-B6B1-489A-92BA-9FBD95BF0A8C}.Debug|x86.ActiveCfg = Debug|Any CPU
		{1257091A-B6B1-489A-92BA-9FBD95BF0A8C}.Debug|x86.Build.0 = Debug|Any CPU
		{1257091A-B6B1-489A-92BA-9FBD95BF0A8C}.Release|Any CPU.ActiveCfg = Release|Any CPU
		{1257091A-B6B1-489A-92BA-9FBD95BF0A8C}.Release|Any CPU.Build.0 = Release|Any CPU
		{1257091A-B6B1-489A-92BA-9FBD95BF0A8C}.Release|x64.ActiveCfg = Release|Any CPU
		{1257091A-B6B1-489A-92BA-9FBD95BF0A8C}.Release|x64.Build.0 = Release|Any CPU
		{1257091A-B6B1-489A-92BA-9FBD95BF0A8C}.Release|x86.ActiveCfg = Release|Any CPU
		{1257091A-B6B1-489A-92BA-9FBD95BF0A8C}.Release|x86.Build.0 = Release|Any CPU
		{FA8D4B29-3E2F-48A7-8B1E-24A3170518F5}.Debug|Any CPU.ActiveCfg = Debug|Any CPU
		{FA8D4B29-3E2F-48A7-8B1E-24A3170518F5}.Debug|Any CPU.Build.0 = Debug|Any CPU
		{FA8D4B29-3E2F-48A7-8B1E-24A3170518F5}.Debug|x64.ActiveCfg = Debug|Any CPU
		{FA8D4B29-3E2F-48A7-8B1E-24A3170518F5}.Debug|x64.Build.0 = Debug|Any CPU
		{FA8D4B29-3E2F-48A7-8B1E-24A3170518F5}.Debug|x86.ActiveCfg = Debug|Any CPU
		{FA8D4B29-3E2F-48A7-8B1E-24A3170518F5}.Debug|x86.Build.0 = Debug|Any CPU
		{FA8D4B29-3E2F-48A7-8B1E-24A3170518F5}.Release|Any CPU.ActiveCfg = Release|Any CPU
		{FA8D4B29-3E2F-48A7-8B1E-24A3170518F5}.Release|Any CPU.Build.0 = Release|Any CPU
		{FA8D4B29-3E2F-48A7-8B1E-24A3170518F5}.Release|x64.ActiveCfg = Release|Any CPU
		{FA8D4B29-3E2F-48A7-8B1E-24A3170518F5}.Release|x64.Build.0 = Release|Any CPU
		{FA8D4B29-3E2F-48A7-8B1E-24A3170518F5}.Release|x86.ActiveCfg = Release|Any CPU
		{FA8D4B29-3E2F-48A7-8B1E-24A3170518F5}.Release|x86.Build.0 = Release|Any CPU
		{EA1F9555-4243-482D-8D8D-DE08FBBE8106}.Debug|Any CPU.ActiveCfg = Debug|Any CPU
		{EA1F9555-4243-482D-8D8D-DE08FBBE8106}.Debug|Any CPU.Build.0 = Debug|Any CPU
		{EA1F9555-4243-482D-8D8D-DE08FBBE8106}.Debug|x64.ActiveCfg = Debug|Any CPU
		{EA1F9555-4243-482D-8D8D-DE08FBBE8106}.Debug|x64.Build.0 = Debug|Any CPU
		{EA1F9555-4243-482D-8D8D-DE08FBBE8106}.Debug|x86.ActiveCfg = Debug|Any CPU
		{EA1F9555-4243-482D-8D8D-DE08FBBE8106}.Debug|x86.Build.0 = Debug|Any CPU
		{EA1F9555-4243-482D-8D8D-DE08FBBE8106}.Release|Any CPU.ActiveCfg = Release|Any CPU
		{EA1F9555-4243-482D-8D8D-DE08FBBE8106}.Release|Any CPU.Build.0 = Release|Any CPU
		{EA1F9555-4243-482D-8D8D-DE08FBBE8106}.Release|x64.ActiveCfg = Release|Any CPU
		{EA1F9555-4243-482D-8D8D-DE08FBBE8106}.Release|x64.Build.0 = Release|Any CPU
		{EA1F9555-4243-482D-8D8D-DE08FBBE8106}.Release|x86.ActiveCfg = Release|Any CPU
		{EA1F9555-4243-482D-8D8D-DE08FBBE8106}.Release|x86.Build.0 = Release|Any CPU
		{6D5C7974-BFE8-4EC8-93A1-178812F85D68}.Debug|Any CPU.ActiveCfg = Debug|Any CPU
		{6D5C7974-BFE8-4EC8-93A1-178812F85D68}.Debug|Any CPU.Build.0 = Debug|Any CPU
		{6D5C7974-BFE8-4EC8-93A1-178812F85D68}.Debug|x64.ActiveCfg = Debug|Any CPU
		{6D5C7974-BFE8-4EC8-93A1-178812F85D68}.Debug|x64.Build.0 = Debug|Any CPU
		{6D5C7974-BFE8-4EC8-93A1-178812F85D68}.Debug|x86.ActiveCfg = Debug|Any CPU
		{6D5C7974-BFE8-4EC8-93A1-178812F85D68}.Debug|x86.Build.0 = Debug|Any CPU
		{6D5C7974-BFE8-4EC8-93A1-178812F85D68}.Release|Any CPU.ActiveCfg = Release|Any CPU
		{6D5C7974-BFE8-4EC8-93A1-178812F85D68}.Release|Any CPU.Build.0 = Release|Any CPU
		{6D5C7974-BFE8-4EC8-93A1-178812F85D68}.Release|x64.ActiveCfg = Release|Any CPU
		{6D5C7974-BFE8-4EC8-93A1-178812F85D68}.Release|x64.Build.0 = Release|Any CPU
		{6D5C7974-BFE8-4EC8-93A1-178812F85D68}.Release|x86.ActiveCfg = Release|Any CPU
		{6D5C7974-BFE8-4EC8-93A1-178812F85D68}.Release|x86.Build.0 = Release|Any CPU
		{B920F778-9C9A-4BBC-954C-60CC31374CF3}.Debug|Any CPU.ActiveCfg = Debug|Any CPU
		{B920F778-9C9A-4BBC-954C-60CC31374CF3}.Debug|Any CPU.Build.0 = Debug|Any CPU
		{B920F778-9C9A-4BBC-954C-60CC31374CF3}.Debug|x64.ActiveCfg = Debug|Any CPU
		{B920F778-9C9A-4BBC-954C-60CC31374CF3}.Debug|x64.Build.0 = Debug|Any CPU
		{B920F778-9C9A-4BBC-954C-60CC31374CF3}.Debug|x86.ActiveCfg = Debug|Any CPU
		{B920F778-9C9A-4BBC-954C-60CC31374CF3}.Debug|x86.Build.0 = Debug|Any CPU
		{B920F778-9C9A-4BBC-954C-60CC31374CF3}.Release|Any CPU.ActiveCfg = Release|Any CPU
		{B920F778-9C9A-4BBC-954C-60CC31374CF3}.Release|Any CPU.Build.0 = Release|Any CPU
		{B920F778-9C9A-4BBC-954C-60CC31374CF3}.Release|x64.ActiveCfg = Release|Any CPU
		{B920F778-9C9A-4BBC-954C-60CC31374CF3}.Release|x64.Build.0 = Release|Any CPU
		{B920F778-9C9A-4BBC-954C-60CC31374CF3}.Release|x86.ActiveCfg = Release|Any CPU
		{B920F778-9C9A-4BBC-954C-60CC31374CF3}.Release|x86.Build.0 = Release|Any CPU
		{8551B418-71E8-405A-B41E-BD1F3DDFA9BA}.Debug|Any CPU.ActiveCfg = Debug|Any CPU
		{8551B418-71E8-405A-B41E-BD1F3DDFA9BA}.Debug|Any CPU.Build.0 = Debug|Any CPU
		{8551B418-71E8-405A-B41E-BD1F3DDFA9BA}.Debug|x64.ActiveCfg = Debug|Any CPU
		{8551B418-71E8-405A-B41E-BD1F3DDFA9BA}.Debug|x64.Build.0 = Debug|Any CPU
		{8551B418-71E8-405A-B41E-BD1F3DDFA9BA}.Debug|x86.ActiveCfg = Debug|Any CPU
		{8551B418-71E8-405A-B41E-BD1F3DDFA9BA}.Debug|x86.Build.0 = Debug|Any CPU
		{8551B418-71E8-405A-B41E-BD1F3DDFA9BA}.Release|Any CPU.ActiveCfg = Release|Any CPU
		{8551B418-71E8-405A-B41E-BD1F3DDFA9BA}.Release|Any CPU.Build.0 = Release|Any CPU
		{8551B418-71E8-405A-B41E-BD1F3DDFA9BA}.Release|x64.ActiveCfg = Release|Any CPU
		{8551B418-71E8-405A-B41E-BD1F3DDFA9BA}.Release|x64.Build.0 = Release|Any CPU
		{8551B418-71E8-405A-B41E-BD1F3DDFA9BA}.Release|x86.ActiveCfg = Release|Any CPU
		{8551B418-71E8-405A-B41E-BD1F3DDFA9BA}.Release|x86.Build.0 = Release|Any CPU
	EndGlobalSection
	GlobalSection(SolutionProperties) = preSolution
		HideSolutionNode = FALSE
	EndGlobalSection
EndGlobal
